
Microsoft Visual Studio Solution File, Format Version 12.00
# Visual Studio Version 17
VisualStudioVersion = 17.7.34202.233
MinimumVisualStudioVersion = 10.0.40219.1
Project("{FAE04EC0-301F-11D3-BF4B-00C04F79EFBC}") = "Projeto1GroupBox", "Projeto1GroupBox\Projeto1GroupBox.csproj", "{BE47E4A3-095B-4BF3-AC70-BEA69699EBAC}"
EndProject
Global
	GlobalSection(SolutionConfigurationPlatforms) = preSolution
		Debug|Any CPU = Debug|Any CPU
		Release|Any CPU = Release|Any CPU
	EndGlobalSection
	GlobalSection(ProjectConfigurationPlatforms) = postSolution
		{BE47E4A3-095B-4BF3-AC70-BEA69699EBAC}.Debug|Any CPU.ActiveCfg = Debug|Any CPU
		{BE47E4A3-095B-4BF3-AC70-BEA69699EBAC}.Debug|Any CPU.Build.0 = Debug|Any CPU
		{BE47E4A3-095B-4BF3-AC70-BEA69699EBAC}.Release|Any CPU.ActiveCfg = Release|Any CPU
		{BE47E4A3-095B-4BF3-AC70-BEA69699EBAC}.Release|Any CPU.Build.0 = Release|Any CPU
	EndGlobalSection
	GlobalSection(SolutionProperties) = preSolution
		HideSolutionNode = FALSE
	EndGlobalSection
	GlobalSection(ExtensibilityGlobals) = postSolution
		SolutionGuid = {14EB0A6F-BC9B-43AB-B923-D3777C55E872}
	EndGlobalSection
EndGlobal
