
Microsoft Visual Studio Solution File, Format Version 12.00
# Visual Studio Version 17
VisualStudioVersion = 17.14.36221.1 d17.14
MinimumVisualStudioVersion = 10.0.40219.1
Project("{FAE04EC0-301F-11D3-BF4B-00C04F79EFBC}") = "fisgo_game", "fisgo_game\fisgo_game.csproj", "{597DCFB2-20DD-4872-ADF2-EF8680FE31B5}"
EndProject
Global
	GlobalSection(SolutionConfigurationPlatforms) = preSolution
		Debug|Any CPU = Debug|Any CPU
		Release|Any CPU = Release|Any CPU
	EndGlobalSection
	GlobalSection(ProjectConfigurationPlatforms) = postSolution
		{597DCFB2-20DD-4872-ADF2-EF8680FE31B5}.Debug|Any CPU.ActiveCfg = Debug|Any CPU
		{597DCFB2-20DD-4872-ADF2-EF8680FE31B5}.Debug|Any CPU.Build.0 = Debug|Any CPU
		{597DCFB2-20DD-4872-ADF2-EF8680FE31B5}.Release|Any CPU.ActiveCfg = Release|Any CPU
		{597DCFB2-20DD-4872-ADF2-EF8680FE31B5}.Release|Any CPU.Build.0 = Release|Any CPU
	EndGlobalSection
	GlobalSection(SolutionProperties) = preSolution
		HideSolutionNode = FALSE
	EndGlobalSection
	GlobalSection(ExtensibilityGlobals) = postSolution
		SolutionGuid = {55CBA548-E69C-47D3-AD79-1ED72D500214}
	EndGlobalSection
EndGlobal
